
Microsoft Visual Studio Solution File, Format Version 12.00
# Visual Studio 15
VisualStudioVersion = 15.0.27703.2026
MinimumVisualStudioVersion = 10.0.40219.1
Project("{4DF76451-A46A-4C0B-BE03-459FAAFA07E6}") = "YandexMetrika", "YandexMetrika\YandexMetrika.mproj", "{93928195-A91F-4087-BFC0-767C6B12A76D}"
EndProject
Global
	GlobalSection(SolutionConfigurationPlatforms) = preSolution
		Debug|x86 = Debug|x86
		Release|x86 = Release|x86
	EndGlobalSection
	GlobalSection(ProjectConfigurationPlatforms) = postSolution
		{93928195-A91F-4087-BFC0-767C6B12A76D}.Debug|x86.ActiveCfg = Debug|x86
		{93928195-A91F-4087-BFC0-767C6B12A76D}.Debug|x86.Build.0 = Debug|x86
		{93928195-A91F-4087-BFC0-767C6B12A76D}.Release|x86.ActiveCfg = Release|x86
		{93928195-A91F-4087-BFC0-767C6B12A76D}.Release|x86.Build.0 = Release|x86
	EndGlobalSection
	GlobalSection(SolutionProperties) = preSolution
		HideSolutionNode = FALSE
	EndGlobalSection
	GlobalSection(ExtensibilityGlobals) = postSolution
		SolutionGuid = {1A04510A-2F4A-4CD3-82A1-D539481EAC59}
	EndGlobalSection
EndGlobal
